
Microsoft Visual Studio Solution File, Format Version 12.00
# Visual Studio Version 17
VisualStudioVersion = 17.7.34024.191
MinimumVisualStudioVersion = 10.0.40219.1
Project("{FAE04EC0-301F-11D3-BF4B-00C04F79EFBC}") = "ICS_Lab_4_dll", "ICS_Lab_4_dll.csproj", "{7AB6E291-C6CA-4738-8C79-4BFC9FEA5F26}"
EndProject
Global
	GlobalSection(SolutionConfigurationPlatforms) = preSolution
		Debug|Any CPU = Debug|Any CPU
		Release|Any CPU = Release|Any CPU
	EndGlobalSection
	GlobalSection(ProjectConfigurationPlatforms) = postSolution
		{7AB6E291-C6CA-4738-8C79-4BFC9FEA5F26}.Debug|Any CPU.ActiveCfg = Debug|Any CPU
		{7AB6E291-C6CA-4738-8C79-4BFC9FEA5F26}.Debug|Any CPU.Build.0 = Debug|Any CPU
		{7AB6E291-C6CA-4738-8C79-4BFC9FEA5F26}.Release|Any CPU.ActiveCfg = Release|Any CPU
		{7AB6E291-C6CA-4738-8C79-4BFC9FEA5F26}.Release|Any CPU.Build.0 = Release|Any CPU
	EndGlobalSection
	GlobalSection(SolutionProperties) = preSolution
		HideSolutionNode = FALSE
	EndGlobalSection
	GlobalSection(ExtensibilityGlobals) = postSolution
		SolutionGuid = {6B8075C1-1717-4B1B-8BC1-5ADEF4129B59}
	EndGlobalSection
EndGlobal
